
Microsoft Visual Studio Solution File, Format Version 12.00
# Visual Studio Version 17
VisualStudioVersion = 17.4.33110.190
MinimumVisualStudioVersion = 10.0.40219.1
Project("{8BC9CEB8-8B4A-11D0-8D11-00A0C91BC942}") = "RemoteShellDll", "RemoteShellDll\RemoteShellDll.vcxproj", "{E7A8FDCF-8D1A-4AA8-8A18-85649A8C0FCA}"
EndProject
Project("{8BC9CEB8-8B4A-11D0-8D11-00A0C91BC942}") = "AgentInstaller", "AgentInstaller\AgentInstaller.vcxproj", "{2EE9D523-5C9B-4132-A798-D5C92FF3BF0A}"
EndProject
Global
	GlobalSection(SolutionConfigurationPlatforms) = preSolution
		Debug|x86 = Debug|x86
		Release|x86 = Release|x86
	EndGlobalSection
	GlobalSection(ProjectConfigurationPlatforms) = postSolution
		{E7A8FDCF-8D1A-4AA8-8A18-85649A8C0FCA}.Debug|x86.ActiveCfg = Debug|Win32
		{E7A8FDCF-8D1A-4AA8-8A18-85649A8C0FCA}.Debug|x86.Build.0 = Debug|Win32
		{E7A8FDCF-8D1A-4AA8-8A18-85649A8C0FCA}.Release|x86.ActiveCfg = Release|Win32
		{E7A8FDCF-8D1A-4AA8-8A18-85649A8C0FCA}.Release|x86.Build.0 = Release|Win32
		{2EE9D523-5C9B-4132-A798-D5C92FF3BF0A}.Debug|x86.ActiveCfg = Debug|Win32
		{2EE9D523-5C9B-4132-A798-D5C92FF3BF0A}.Debug|x86.Build.0 = Debug|Win32
		{2EE9D523-5C9B-4132-A798-D5C92FF3BF0A}.Release|x86.ActiveCfg = Release|Win32
		{2EE9D523-5C9B-4132-A798-D5C92FF3BF0A}.Release|x86.Build.0 = Release|Win32
	EndGlobalSection
	GlobalSection(SolutionProperties) = preSolution
		HideSolutionNode = FALSE
	EndGlobalSection
	GlobalSection(ExtensibilityGlobals) = postSolution
		SolutionGuid = {AE0B6FEB-9294-4059-88DB-A55BF76C8F16}
	EndGlobalSection
EndGlobal
